
Microsoft Visual Studio Solution File, Format Version 12.00
# Visual Studio Version 16
VisualStudioVersion = 16.0.32428.217
MinimumVisualStudioVersion = 10.0.40219.1
Project("{2150E333-8FDC-42A3-9474-1A3956D46DE8}") = "EShop", "EShop", "{C4E9A5D1-AC69-4A89-8A4E-3CD1B78FB664}"
EndProject
Project("{9A19103F-16F7-4668-BE54-9A1E7A4F7556}") = "EShop.Web", "EShop.Web\EShop.Web.csproj", "{C71A6EB2-82FA-40BC-8F84-FA912570FAE0}"
EndProject
Project("{FAE04EC0-301F-11D3-BF4B-00C04F79EFBC}") = "EShop.Repository", "EShop.Repository\EShop.Repository.csproj", "{2D9F495F-CF78-4429-AC12-8779F186B67C}"
EndProject
Project("{FAE04EC0-301F-11D3-BF4B-00C04F79EFBC}") = "EShop.Domain", "EShop.Domain\EShop.Domain.csproj", "{1C2C6221-7146-45FA-A470-D9203C7DC23B}"
EndProject
Project("{FAE04EC0-301F-11D3-BF4B-00C04F79EFBC}") = "EShop.Services", "EShop.Services\EShop.Services.csproj", "{F6D32B91-1602-4580-8D82-12C250D33C21}"
EndProject
Global
	GlobalSection(SolutionConfigurationPlatforms) = preSolution
		Debug|Any CPU = Debug|Any CPU
		Release|Any CPU = Release|Any CPU
	EndGlobalSection
	GlobalSection(ProjectConfigurationPlatforms) = postSolution
		{C71A6EB2-82FA-40BC-8F84-FA912570FAE0}.Debug|Any CPU.ActiveCfg = Debug|Any CPU
		{C71A6EB2-82FA-40BC-8F84-FA912570FAE0}.Debug|Any CPU.Build.0 = Debug|Any CPU
		{C71A6EB2-82FA-40BC-8F84-FA912570FAE0}.Release|Any CPU.ActiveCfg = Release|Any CPU
		{C71A6EB2-82FA-40BC-8F84-FA912570FAE0}.Release|Any CPU.Build.0 = Release|Any CPU
		{2D9F495F-CF78-4429-AC12-8779F186B67C}.Debug|Any CPU.ActiveCfg = Debug|Any CPU
		{2D9F495F-CF78-4429-AC12-8779F186B67C}.Debug|Any CPU.Build.0 = Debug|Any CPU
		{2D9F495F-CF78-4429-AC12-8779F186B67C}.Release|Any CPU.ActiveCfg = Release|Any CPU
		{2D9F495F-CF78-4429-AC12-8779F186B67C}.Release|Any CPU.Build.0 = Release|Any CPU
		{1C2C6221-7146-45FA-A470-D9203C7DC23B}.Debug|Any CPU.ActiveCfg = Debug|Any CPU
		{1C2C6221-7146-45FA-A470-D9203C7DC23B}.Debug|Any CPU.Build.0 = Debug|Any CPU
		{1C2C6221-7146-45FA-A470-D9203C7DC23B}.Release|Any CPU.ActiveCfg = Release|Any CPU
		{1C2C6221-7146-45FA-A470-D9203C7DC23B}.Release|Any CPU.Build.0 = Release|Any CPU
		{F6D32B91-1602-4580-8D82-12C250D33C21}.Debug|Any CPU.ActiveCfg = Debug|Any CPU
		{F6D32B91-1602-4580-8D82-12C250D33C21}.Debug|Any CPU.Build.0 = Debug|Any CPU
		{F6D32B91-1602-4580-8D82-12C250D33C21}.Release|Any CPU.ActiveCfg = Release|Any CPU
		{F6D32B91-1602-4580-8D82-12C250D33C21}.Release|Any CPU.Build.0 = Release|Any CPU
	EndGlobalSection
	GlobalSection(SolutionProperties) = preSolution
		HideSolutionNode = FALSE
	EndGlobalSection
	GlobalSection(NestedProjects) = preSolution
		{C71A6EB2-82FA-40BC-8F84-FA912570FAE0} = {C4E9A5D1-AC69-4A89-8A4E-3CD1B78FB664}
		{2D9F495F-CF78-4429-AC12-8779F186B67C} = {C4E9A5D1-AC69-4A89-8A4E-3CD1B78FB664}
		{1C2C6221-7146-45FA-A470-D9203C7DC23B} = {C4E9A5D1-AC69-4A89-8A4E-3CD1B78FB664}
		{F6D32B91-1602-4580-8D82-12C250D33C21} = {C4E9A5D1-AC69-4A89-8A4E-3CD1B78FB664}
	EndGlobalSection
	GlobalSection(ExtensibilityGlobals) = postSolution
		SolutionGuid = {46EC31B8-4E3C-4FDB-8509-7418F5C13626}
	EndGlobalSection
EndGlobal
